
Microsoft Visual Studio Solution File, Format Version 12.00
# Visual Studio Version 16
VisualStudioVersion = 16.0.30406.217
MinimumVisualStudioVersion = 10.0.40219.1
Project("{FAE04EC0-301F-11D3-BF4B-00C04F79EFBC}") = "ConwaysGameOfLife", "ConwaysGameOfLife\ConwaysGameOfLife.csproj", "{3389405C-4470-425F-B089-6976EE8F943F}"
EndProject
Global
	GlobalSection(SolutionConfigurationPlatforms) = preSolution
		Debug|Any CPU = Debug|Any CPU
		Release|Any CPU = Release|Any CPU
	EndGlobalSection
	GlobalSection(ProjectConfigurationPlatforms) = postSolution
		{3389405C-4470-425F-B089-6976EE8F943F}.Debug|Any CPU.ActiveCfg = Debug|Any CPU
		{3389405C-4470-425F-B089-6976EE8F943F}.Debug|Any CPU.Build.0 = Debug|Any CPU
		{3389405C-4470-425F-B089-6976EE8F943F}.Release|Any CPU.ActiveCfg = Release|Any CPU
		{3389405C-4470-425F-B089-6976EE8F943F}.Release|Any CPU.Build.0 = Release|Any CPU
	EndGlobalSection
	GlobalSection(SolutionProperties) = preSolution
		HideSolutionNode = FALSE
	EndGlobalSection
	GlobalSection(ExtensibilityGlobals) = postSolution
		SolutionGuid = {F6BF427B-D3DA-42B3-950A-0058054AFABF}
	EndGlobalSection
EndGlobal
